// !$*UTF8*$!
{
	archiveVersion = 1;
	classes = {
	};
	objectVersion = 46;
	objects = {

/* Begin PBXBuildFile section */
		110852EE1A33885A0091C8C1 /* Set.swift in Sources */ = {isa = PBXBuildFile; fileRef = 110852ED1A33885A0091C8C1 /* Set.swift */; };
		110852F01A3390640091C8C1 /* Move.swift in Sources */ = {isa = PBXBuildFile; fileRef = 110852EF1A3390640091C8C1 /* Move.swift */; };
		117674721A335A6D006A0EA4 /* AppDelegate.swift in Sources */ = {isa = PBXBuildFile; fileRef = 117674711A335A6D006A0EA4 /* AppDelegate.swift */; };
		117674761A335A6D006A0EA4 /* GameScene.swift in Sources */ = {isa = PBXBuildFile; fileRef = 117674751A335A6D006A0EA4 /* GameScene.swift */; };
		117674781A335A6D006A0EA4 /* GameViewController.swift in Sources */ = {isa = PBXBuildFile; fileRef = 117674771A335A6D006A0EA4 /* GameViewController.swift */; };
		1176747B1A335A6D006A0EA4 /* Main.storyboard in Resources */ = {isa = PBXBuildFile; fileRef = 117674791A335A6D006A0EA4 /* Main.storyboard */; };
		1176747D1A335A6D006A0EA4 /* Images.xcassets in Resources */ = {isa = PBXBuildFile; fileRef = 1176747C1A335A6D006A0EA4 /* Images.xcassets */; };
		1176748C1A335A6D006A0EA4 /* DraughtsTests.swift in Sources */ = {isa = PBXBuildFile; fileRef = 1176748B1A335A6D006A0EA4 /* DraughtsTests.swift */; };
		117674A21A33655C006A0EA4 /* Array2D.swift in Sources */ = {isa = PBXBuildFile; fileRef = 117674A11A33655C006A0EA4 /* Array2D.swift */; };
		117674A41A3365DD006A0EA4 /* Checker.swift in Sources */ = {isa = PBXBuildFile; fileRef = 117674A31A3365DD006A0EA4 /* Checker.swift */; };
		117674A61A33679B006A0EA4 /* Board.swift in Sources */ = {isa = PBXBuildFile; fileRef = 117674A51A33679B006A0EA4 /* Board.swift */; };
		11EA6E9A1A351E2C00FD57AA /* move.wav in Resources */ = {isa = PBXBuildFile; fileRef = 11EA6E991A351E2C00FD57AA /* move.wav */; };
		11EA6E9C1A3520CB00FD57AA /* eat.wav in Resources */ = {isa = PBXBuildFile; fileRef = 11EA6E9B1A3520CB00FD57AA /* eat.wav */; };
		844F9F2E1BFD9E8600D898E8 /* Test.m in Sources */ = {isa = PBXBuildFile; fileRef = 844F9F2D1BFD9E8600D898E8 /* Test.m */; };
		84A490761B8EB8CA00244465 /* vg_close.png in Resources */ = {isa = PBXBuildFile; fileRef = 84A490751B8EB8CA00244465 /* vg_close.png */; };
		84A490791B8F12D800244465 /* Chartboost.framework in Frameworks */ = {isa = PBXBuildFile; fileRef = 84A490781B8F12D800244465 /* Chartboost.framework */; };
		84A4907B1B8F138D00244465 /* StoreKit.framework in Frameworks */ = {isa = PBXBuildFile; fileRef = 84A4907A1B8F138D00244465 /* StoreKit.framework */; };
		84A4907D1B8F139900244465 /* Foundation.framework in Frameworks */ = {isa = PBXBuildFile; fileRef = 84A4907C1B8F139900244465 /* Foundation.framework */; };
		84A4907F1B8F139F00244465 /* CoreGraphics.framework in Frameworks */ = {isa = PBXBuildFile; fileRef = 84A4907E1B8F139F00244465 /* CoreGraphics.framework */; };
		84A490811B8F13A400244465 /* UIKit.framework in Frameworks */ = {isa = PBXBuildFile; fileRef = 84A490801B8F13A400244465 /* UIKit.framework */; };
		84A6B3F71B8DAD4F00426D60 /* 2.mp3 in Resources */ = {isa = PBXBuildFile; fileRef = 84A6B3F61B8DAD4F00426D60 /* 2.mp3 */; };
		84F746FA1B940CC3000A819D /* GoogleMobileAds.framework in Frameworks */ = {isa = PBXBuildFile; fileRef = 84F746F91B940CC3000A819D /* GoogleMobileAds.framework */; };
		84F746FD1B942CC0000A819D /* EventKit.framework in Frameworks */ = {isa = PBXBuildFile; fileRef = 84F746FB1B942CC0000A819D /* EventKit.framework */; };
		84F746FE1B942CC0000A819D /* EventKitUI.framework in Frameworks */ = {isa = PBXBuildFile; fileRef = 84F746FC1B942CC0000A819D /* EventKitUI.framework */; };
		84F747001B942D4E000A819D /* SystemConfiguration.framework in Frameworks */ = {isa = PBXBuildFile; fileRef = 84F746FF1B942D4E000A819D /* SystemConfiguration.framework */; };
		84F747021B942D54000A819D /* MessageUI.framework in Frameworks */ = {isa = PBXBuildFile; fileRef = 84F747011B942D54000A819D /* MessageUI.framework */; };
		84F747041B942D62000A819D /* CoreTelephony.framework in Frameworks */ = {isa = PBXBuildFile; fileRef = 84F747031B942D62000A819D /* CoreTelephony.framework */; };
		84F747061B942D6C000A819D /* CoreMedia.framework in Frameworks */ = {isa = PBXBuildFile; fileRef = 84F747051B942D6C000A819D /* CoreMedia.framework */; };
		84F747081B942D7C000A819D /* AVFoundation.framework in Frameworks */ = {isa = PBXBuildFile; fileRef = 84F747071B942D7C000A819D /* AVFoundation.framework */; };
		84F7470A1B942D81000A819D /* AudioToolbox.framework in Frameworks */ = {isa = PBXBuildFile; fileRef = 84F747091B942D81000A819D /* AudioToolbox.framework */; };
		84F7470C1B942D86000A819D /* AdSupport.framework in Frameworks */ = {isa = PBXBuildFile; fileRef = 84F7470B1B942D86000A819D /* AdSupport.framework */; };
		84F747101B9451F0000A819D /* libz.dylib in Frameworks */ = {isa = PBXBuildFile; fileRef = 84F7470F1B9451F0000A819D /* libz.dylib */; };
		84F7471A1B9562F9000A819D /* b8.png in Resources */ = {isa = PBXBuildFile; fileRef = 84F747191B9562F9000A819D /* b8.png */; };
		84F7471E1B9576B4000A819D /* MediaPlayer.framework in Frameworks */ = {isa = PBXBuildFile; fileRef = 84F7471D1B9576B4000A819D /* MediaPlayer.framework */; };
/* End PBXBuildFile section */

/* Begin PBXContainerItemProxy section */
		117674861A335A6D006A0EA4 /* PBXContainerItemProxy */ = {
			isa = PBXContainerItemProxy;
			containerPortal = 117674641A335A6D006A0EA4 /* Project object */;
			proxyType = 1;
			remoteGlobalIDString = 1176746B1A335A6D006A0EA4;
			remoteInfo = Draughts;
		};
/* End PBXContainerItemProxy section */

/* Begin PBXFileReference section */
		110852ED1A33885A0091C8C1 /* Set.swift */ = {isa = PBXFileReference; fileEncoding = 4; lastKnownFileType = sourcecode.swift; path = Set.swift; sourceTree = "<group>"; };
		110852EF1A3390640091C8C1 /* Move.swift */ = {isa = PBXFileReference; fileEncoding = 4; lastKnownFileType = sourcecode.swift; path = Move.swift; sourceTree = "<group>"; };
		1176746C1A335A6D006A0EA4 /* Checkers 2 Player.app */ = {isa = PBXFileReference; explicitFileType = wrapper.application; includeInIndex = 0; path = "Checkers 2 Player.app"; sourceTree = BUILT_PRODUCTS_DIR; };
		117674701A335A6D006A0EA4 /* Info.plist */ = {isa = PBXFileReference; lastKnownFileType = text.plist.xml; path = Info.plist; sourceTree = "<group>"; };
		117674711A335A6D006A0EA4 /* AppDelegate.swift */ = {isa = PBXFileReference; lastKnownFileType = sourcecode.swift; path = AppDelegate.swift; sourceTree = "<group>"; };
		117674751A335A6D006A0EA4 /* GameScene.swift */ = {isa = PBXFileReference; lastKnownFileType = sourcecode.swift; path = GameScene.swift; sourceTree = "<group>"; };
		117674771A335A6D006A0EA4 /* GameViewController.swift */ = {isa = PBXFileReference; lastKnownFileType = sourcecode.swift; path = GameViewController.swift; sourceTree = "<group>"; };
		1176747A1A335A6D006A0EA4 /* Base */ = {isa = PBXFileReference; lastKnownFileType = file.storyboard; name = Base; path = Base.lproj/Main.storyboard; sourceTree = "<group>"; };
		1176747C1A335A6D006A0EA4 /* Images.xcassets */ = {isa = PBXFileReference; lastKnownFileType = folder.assetcatalog; path = Images.xcassets; sourceTree = "<group>"; };
		117674851A335A6D006A0EA4 /* Checkers 2 PlayerTests.xctest */ = {isa = PBXFileReference; explicitFileType = wrapper.cfbundle; includeInIndex = 0; path = "Checkers 2 PlayerTests.xctest"; sourceTree = BUILT_PRODUCTS_DIR; };
		1176748A1A335A6D006A0EA4 /* Info.plist */ = {isa = PBXFileReference; lastKnownFileType = text.plist.xml; path = Info.plist; sourceTree = "<group>"; };
		1176748B1A335A6D006A0EA4 /* DraughtsTests.swift */ = {isa = PBXFileReference; lastKnownFileType = sourcecode.swift; path = DraughtsTests.swift; sourceTree = "<group>"; };
		117674A11A33655C006A0EA4 /* Array2D.swift */ = {isa = PBXFileReference; fileEncoding = 4; lastKnownFileType = sourcecode.swift; path = Array2D.swift; sourceTree = "<group>"; };
		117674A31A3365DD006A0EA4 /* Checker.swift */ = {isa = PBXFileReference; fileEncoding = 4; lastKnownFileType = sourcecode.swift; path = Checker.swift; sourceTree = "<group>"; };
		117674A51A33679B006A0EA4 /* Board.swift */ = {isa = PBXFileReference; fileEncoding = 4; lastKnownFileType = sourcecode.swift; path = Board.swift; sourceTree = "<group>"; };
		11EA6E991A351E2C00FD57AA /* move.wav */ = {isa = PBXFileReference; lastKnownFileType = audio.wav; path = move.wav; sourceTree = "<group>"; };
		11EA6E9B1A3520CB00FD57AA /* eat.wav */ = {isa = PBXFileReference; lastKnownFileType = audio.wav; path = eat.wav; sourceTree = "<group>"; };
		844F9F2C1BFD9E8600D898E8 /* Test.h */ = {isa = PBXFileReference; fileEncoding = 4; lastKnownFileType = sourcecode.c.h; path = Test.h; sourceTree = "<group>"; };
		844F9F2D1BFD9E8600D898E8 /* Test.m */ = {isa = PBXFileReference; fileEncoding = 4; lastKnownFileType = sourcecode.c.objc; path = Test.m; sourceTree = "<group>"; };
		84A490751B8EB8CA00244465 /* vg_close.png */ = {isa = PBXFileReference; lastKnownFileType = image.png; path = vg_close.png; sourceTree = "<group>"; };
		84A490771B8EF8E400244465 /* vuonhoa-Bridging-header.h */ = {isa = PBXFileReference; lastKnownFileType = sourcecode.c.h; path = "vuonhoa-Bridging-header.h"; sourceTree = "<group>"; };
		84A490781B8F12D800244465 /* Chartboost.framework */ = {isa = PBXFileReference; lastKnownFileType = wrapper.framework; path = Chartboost.framework; sourceTree = "<group>"; };
		84A4907A1B8F138D00244465 /* StoreKit.framework */ = {isa = PBXFileReference; lastKnownFileType = wrapper.framework; name = StoreKit.framework; path = System/Library/Frameworks/StoreKit.framework; sourceTree = SDKROOT; };
		84A4907C1B8F139900244465 /* Foundation.framework */ = {isa = PBXFileReference; lastKnownFileType = wrapper.framework; name = Foundation.framework; path = System/Library/Frameworks/Foundation.framework; sourceTree = SDKROOT; };
		84A4907E1B8F139F00244465 /* CoreGraphics.framework */ = {isa = PBXFileReference; lastKnownFileType = wrapper.framework; name = CoreGraphics.framework; path = System/Library/Frameworks/CoreGraphics.framework; sourceTree = SDKROOT; };
		84A490801B8F13A400244465 /* UIKit.framework */ = {isa = PBXFileReference; lastKnownFileType = wrapper.framework; name = UIKit.framework; path = System/Library/Frameworks/UIKit.framework; sourceTree = SDKROOT; };
		84A6B3F61B8DAD4F00426D60 /* 2.mp3 */ = {isa = PBXFileReference; lastKnownFileType = audio.mp3; path = 2.mp3; sourceTree = "<group>"; };
		84F746F91B940CC3000A819D /* GoogleMobileAds.framework */ = {isa = PBXFileReference; lastKnownFileType = wrapper.framework; path = GoogleMobileAds.framework; sourceTree = "<group>"; };
		84F746FB1B942CC0000A819D /* EventKit.framework */ = {isa = PBXFileReference; lastKnownFileType = wrapper.framework; name = EventKit.framework; path = System/Library/Frameworks/EventKit.framework; sourceTree = SDKROOT; };
		84F746FC1B942CC0000A819D /* EventKitUI.framework */ = {isa = PBXFileReference; lastKnownFileType = wrapper.framework; name = EventKitUI.framework; path = System/Library/Frameworks/EventKitUI.framework; sourceTree = SDKROOT; };
		84F746FF1B942D4E000A819D /* SystemConfiguration.framework */ = {isa = PBXFileReference; lastKnownFileType = wrapper.framework; name = SystemConfiguration.framework; path = System/Library/Frameworks/SystemConfiguration.framework; sourceTree = SDKROOT; };
		84F747011B942D54000A819D /* MessageUI.framework */ = {isa = PBXFileReference; lastKnownFileType = wrapper.framework; name = MessageUI.framework; path = System/Library/Frameworks/MessageUI.framework; sourceTree = SDKROOT; };
		84F747031B942D62000A819D /* CoreTelephony.framework */ = {isa = PBXFileReference; lastKnownFileType = wrapper.framework; name = CoreTelephony.framework; path = System/Library/Frameworks/CoreTelephony.framework; sourceTree = SDKROOT; };
		84F747051B942D6C000A819D /* CoreMedia.framework */ = {isa = PBXFileReference; lastKnownFileType = wrapper.framework; name = CoreMedia.framework; path = System/Library/Frameworks/CoreMedia.framework; sourceTree = SDKROOT; };
		84F747071B942D7C000A819D /* AVFoundation.framework */ = {isa = PBXFileReference; lastKnownFileType = wrapper.framework; name = AVFoundation.framework; path = System/Library/Frameworks/AVFoundation.framework; sourceTree = SDKROOT; };
		84F747091B942D81000A819D /* AudioToolbox.framework */ = {isa = PBXFileReference; lastKnownFileType = wrapper.framework; name = AudioToolbox.framework; path = System/Library/Frameworks/AudioToolbox.framework; sourceTree = SDKROOT; };
		84F7470B1B942D86000A819D /* AdSupport.framework */ = {isa = PBXFileReference; lastKnownFileType = wrapper.framework; name = AdSupport.framework; path = System/Library/Frameworks/AdSupport.framework; sourceTree = SDKROOT; };
		84F7470F1B9451F0000A819D /* libz.dylib */ = {isa = PBXFileReference; lastKnownFileType = "compiled.mach-o.dylib"; name = libz.dylib; path = usr/lib/libz.dylib; sourceTree = SDKROOT; };
		84F747191B9562F9000A819D /* b8.png */ = {isa = PBXFileReference; lastKnownFileType = image.png; path = b8.png; sourceTree = "<group>"; };
		84F7471D1B9576B4000A819D /* MediaPlayer.framework */ = {isa = PBXFileReference; lastKnownFileType = wrapper.framework; name = MediaPlayer.framework; path = System/Library/Frameworks/MediaPlayer.framework; sourceTree = SDKROOT; };
/* End PBXFileReference section */

/* Begin PBXFrameworksBuildPhase section */
		117674691A335A6D006A0EA4 /* Frameworks */ = {
			isa = PBXFrameworksBuildPhase;
			buildActionMask = 2147483647;
			files = (
				84F7471E1B9576B4000A819D /* MediaPlayer.framework in Frameworks */,
				84F747061B942D6C000A819D /* CoreMedia.framework in Frameworks */,
				84F747101B9451F0000A819D /* libz.dylib in Frameworks */,
				84F7470C1B942D86000A819D /* AdSupport.framework in Frameworks */,
				84F7470A1B942D81000A819D /* AudioToolbox.framework in Frameworks */,
				84F747081B942D7C000A819D /* AVFoundation.framework in Frameworks */,
				84A4907F1B8F139F00244465 /* CoreGraphics.framework in Frameworks */,
				84F747041B942D62000A819D /* CoreTelephony.framework in Frameworks */,
				84F747021B942D54000A819D /* MessageUI.framework in Frameworks */,
				84F747001B942D4E000A819D /* SystemConfiguration.framework in Frameworks */,
				84F746FD1B942CC0000A819D /* EventKit.framework in Frameworks */,
				84F746FE1B942CC0000A819D /* EventKitUI.framework in Frameworks */,
				84A490811B8F13A400244465 /* UIKit.framework in Frameworks */,
				84A4907D1B8F139900244465 /* Foundation.framework in Frameworks */,
				84A4907B1B8F138D00244465 /* StoreKit.framework in Frameworks */,
				84F746FA1B940CC3000A819D /* GoogleMobileAds.framework in Frameworks */,
				84A490791B8F12D800244465 /* Chartboost.framework in Frameworks */,
			);
			runOnlyForDeploymentPostprocessing = 0;
		};
		117674821A335A6D006A0EA4 /* Frameworks */ = {
			isa = PBXFrameworksBuildPhase;
			buildActionMask = 2147483647;
			files = (
			);
			runOnlyForDeploymentPostprocessing = 0;
		};
/* End PBXFrameworksBuildPhase section */

/* Begin PBXGroup section */
		117674631A335A6D006A0EA4 = {
			isa = PBXGroup;
			children = (
				844F9F2C1BFD9E8600D898E8 /* Test.h */,
				844F9F2D1BFD9E8600D898E8 /* Test.m */,
				84F7471D1B9576B4000A819D /* MediaPlayer.framework */,
				84F747191B9562F9000A819D /* b8.png */,
				84F7470F1B9451F0000A819D /* libz.dylib */,
				84F7470B1B942D86000A819D /* AdSupport.framework */,
				84F747091B942D81000A819D /* AudioToolbox.framework */,
				84F747071B942D7C000A819D /* AVFoundation.framework */,
				84F747051B942D6C000A819D /* CoreMedia.framework */,
				84F747031B942D62000A819D /* CoreTelephony.framework */,
				84F747011B942D54000A819D /* MessageUI.framework */,
				84F746FF1B942D4E000A819D /* SystemConfiguration.framework */,
				84F746FB1B942CC0000A819D /* EventKit.framework */,
				84F746FC1B942CC0000A819D /* EventKitUI.framework */,
				84F746F91B940CC3000A819D /* GoogleMobileAds.framework */,
				84A490801B8F13A400244465 /* UIKit.framework */,
				84A4907E1B8F139F00244465 /* CoreGraphics.framework */,
				84A4907C1B8F139900244465 /* Foundation.framework */,
				84A4907A1B8F138D00244465 /* StoreKit.framework */,
				84A490781B8F12D800244465 /* Chartboost.framework */,
				84A490771B8EF8E400244465 /* vuonhoa-Bridging-header.h */,
				84A490751B8EB8CA00244465 /* vg_close.png */,
				1176746E1A335A6D006A0EA4 /* Draughts */,
				117674881A335A6D006A0EA4 /* DraughtsTests */,
				1176746D1A335A6D006A0EA4 /* Products */,
			);
			sourceTree = "<group>";
		};
		1176746D1A335A6D006A0EA4 /* Products */ = {
			isa = PBXGroup;
			children = (
				1176746C1A335A6D006A0EA4 /* Checkers 2 Player.app */,
				117674851A335A6D006A0EA4 /* Checkers 2 PlayerTests.xctest */,
			);
			name = Products;
			sourceTree = "<group>";
		};
		1176746E1A335A6D006A0EA4 /* Draughts */ = {
			isa = PBXGroup;
			children = (
				1176746F1A335A6D006A0EA4 /* Supporting Files */,
				117674951A335C10006A0EA4 /* View */,
				117674961A335C18006A0EA4 /* Controller */,
				117674971A335C22006A0EA4 /* Model */,
			);
			path = Draughts;
			sourceTree = "<group>";
		};
		1176746F1A335A6D006A0EA4 /* Supporting Files */ = {
			isa = PBXGroup;
			children = (
				84A6B3F61B8DAD4F00426D60 /* 2.mp3 */,
				11EA6E981A351E2C00FD57AA /* Assets */,
				117674711A335A6D006A0EA4 /* AppDelegate.swift */,
				1176747C1A335A6D006A0EA4 /* Images.xcassets */,
				117674791A335A6D006A0EA4 /* Main.storyboard */,
				117674701A335A6D006A0EA4 /* Info.plist */,
			);
			name = "Supporting Files";
			sourceTree = "<group>";
		};
		117674881A335A6D006A0EA4 /* DraughtsTests */ = {
			isa = PBXGroup;
			children = (
				1176748B1A335A6D006A0EA4 /* DraughtsTests.swift */,
				117674891A335A6D006A0EA4 /* Supporting Files */,
			);
			path = DraughtsTests;
			sourceTree = "<group>";
		};
		117674891A335A6D006A0EA4 /* Supporting Files */ = {
			isa = PBXGroup;
			children = (
				1176748A1A335A6D006A0EA4 /* Info.plist */,
			);
			name = "Supporting Files";
			sourceTree = "<group>";
		};
		117674951A335C10006A0EA4 /* View */ = {
			isa = PBXGroup;
			children = (
				117674751A335A6D006A0EA4 /* GameScene.swift */,
			);
			name = View;
			sourceTree = "<group>";
		};
		117674961A335C18006A0EA4 /* Controller */ = {
			isa = PBXGroup;
			children = (
				117674771A335A6D006A0EA4 /* GameViewController.swift */,
			);
			name = Controller;
			sourceTree = "<group>";
		};
		117674971A335C22006A0EA4 /* Model */ = {
			isa = PBXGroup;
			children = (
				117674A11A33655C006A0EA4 /* Array2D.swift */,
				117674A31A3365DD006A0EA4 /* Checker.swift */,
				117674A51A33679B006A0EA4 /* Board.swift */,
				110852ED1A33885A0091C8C1 /* Set.swift */,
				110852EF1A3390640091C8C1 /* Move.swift */,
			);
			name = Model;
			sourceTree = "<group>";
		};
		11EA6E981A351E2C00FD57AA /* Assets */ = {
			isa = PBXGroup;
			children = (
				11EA6E991A351E2C00FD57AA /* move.wav */,
				11EA6E9B1A3520CB00FD57AA /* eat.wav */,
			);
			path = Assets;
			sourceTree = "<group>";
		};
/* End PBXGroup section */

/* Begin PBXNativeTarget section */
		1176746B1A335A6D006A0EA4 /* Checkers 2 Player */ = {
			isa = PBXNativeTarget;
			buildConfigurationList = 1176748F1A335A6D006A0EA4 /* Build configuration list for PBXNativeTarget "Checkers 2 Player" */;
			buildPhases = (
				117674681A335A6D006A0EA4 /* Sources */,
				117674691A335A6D006A0EA4 /* Frameworks */,
				1176746A1A335A6D006A0EA4 /* Resources */,
			);
			buildRules = (
			);
			dependencies = (
			);
			name = "Checkers 2 Player";
			productName = Draughts;
			productReference = 1176746C1A335A6D006A0EA4 /* Checkers 2 Player.app */;
			productType = "com.apple.product-type.application";
		};
		117674841A335A6D006A0EA4 /* Checkers 2 PlayerTests */ = {
			isa = PBXNativeTarget;
			buildConfigurationList = 117674921A335A6D006A0EA4 /* Build configuration list for PBXNativeTarget "Checkers 2 PlayerTests" */;
			buildPhases = (
				117674811A335A6D006A0EA4 /* Sources */,
				117674821A335A6D006A0EA4 /* Frameworks */,
				117674831A335A6D006A0EA4 /* Resources */,
			);
			buildRules = (
			);
			dependencies = (
				117674871A335A6D006A0EA4 /* PBXTargetDependency */,
			);
			name = "Checkers 2 PlayerTests";
			productName = DraughtsTests;
			productReference = 117674851A335A6D006A0EA4 /* Checkers 2 PlayerTests.xctest */;
			productType = "com.apple.product-type.bundle.unit-test";
		};
/* End PBXNativeTarget section */

/* Begin PBXProject section */
		117674641A335A6D006A0EA4 /* Project object */ = {
			isa = PBXProject;
			attributes = {
				LastUpgradeCheck = 0610;
				ORGANIZATIONNAME = "Phuong Nguyen";
				TargetAttributes = {
					1176746B1A335A6D006A0EA4 = {
						CreatedOnToolsVersion = 6.1.1;
						DevelopmentTeam = 6SZC32EP3F;
					};
					117674841A335A6D006A0EA4 = {
						CreatedOnToolsVersion = 6.1.1;
						TestTargetID = 1176746B1A335A6D006A0EA4;
					};
				};
			};
			buildConfigurationList = 117674671A335A6D006A0EA4 /* Build configuration list for PBXProject "Checkers 2 Player" */;
			compatibilityVersion = "Xcode 3.2";
			developmentRegion = English;
			hasScannedForEncodings = 0;
			knownRegions = (
				en,
				Base,
			);
			mainGroup = 117674631A335A6D006A0EA4;
			productRefGroup = 1176746D1A335A6D006A0EA4 /* Products */;
			projectDirPath = "";
			projectRoot = "";
			targets = (
				1176746B1A335A6D006A0EA4 /* Checkers 2 Player */,
				117674841A335A6D006A0EA4 /* Checkers 2 PlayerTests */,
			);
		};
/* End PBXProject section */

/* Begin PBXResourcesBuildPhase section */
		1176746A1A335A6D006A0EA4 /* Resources */ = {
			isa = PBXResourcesBuildPhase;
			buildActionMask = 2147483647;
			files = (
				84F7471A1B9562F9000A819D /* b8.png in Resources */,
				11EA6E9A1A351E2C00FD57AA /* move.wav in Resources */,
				11EA6E9C1A3520CB00FD57AA /* eat.wav in Resources */,
				1176747D1A335A6D006A0EA4 /* Images.xcassets in Resources */,
				84A490761B8EB8CA00244465 /* vg_close.png in Resources */,
				84A6B3F71B8DAD4F00426D60 /* 2.mp3 in Resources */,
				1176747B1A335A6D006A0EA4 /* Main.storyboard in Resources */,
			);
			runOnlyForDeploymentPostprocessing = 0;
		};
		117674831A335A6D006A0EA4 /* Resources */ = {
			isa = PBXResourcesBuildPhase;
			buildActionMask = 2147483647;
			files = (
			);
			runOnlyForDeploymentPostprocessing = 0;
		};
/* End PBXResourcesBuildPhase section */

/* Begin PBXSourcesBuildPhase section */
		117674681A335A6D006A0EA4 /* Sources */ = {
			isa = PBXSourcesBuildPhase;
			buildActionMask = 2147483647;
			files = (
				117674761A335A6D006A0EA4 /* GameScene.swift in Sources */,
				117674A41A3365DD006A0EA4 /* Checker.swift in Sources */,
				117674A61A33679B006A0EA4 /* Board.swift in Sources */,
				844F9F2E1BFD9E8600D898E8 /* Test.m in Sources */,
				110852EE1A33885A0091C8C1 /* Set.swift in Sources */,
				110852F01A3390640091C8C1 /* Move.swift in Sources */,
				117674A21A33655C006A0EA4 /* Array2D.swift in Sources */,
				117674781A335A6D006A0EA4 /* GameViewController.swift in Sources */,
				117674721A335A6D006A0EA4 /* AppDelegate.swift in Sources */,
			);
			runOnlyForDeploymentPostprocessing = 0;
		};
		117674811A335A6D006A0EA4 /* Sources */ = {
			isa = PBXSourcesBuildPhase;
			buildActionMask = 2147483647;
			files = (
				1176748C1A335A6D006A0EA4 /* DraughtsTests.swift in Sources */,
			);
			runOnlyForDeploymentPostprocessing = 0;
		};
/* End PBXSourcesBuildPhase section */

/* Begin PBXTargetDependency section */
		117674871A335A6D006A0EA4 /* PBXTargetDependency */ = {
			isa = PBXTargetDependency;
			target = 1176746B1A335A6D006A0EA4 /* Checkers 2 Player */;
			targetProxy = 117674861A335A6D006A0EA4 /* PBXContainerItemProxy */;
		};
/* End PBXTargetDependency section */

/* Begin PBXVariantGroup section */
		117674791A335A6D006A0EA4 /* Main.storyboard */ = {
			isa = PBXVariantGroup;
			children = (
				1176747A1A335A6D006A0EA4 /* Base */,
			);
			name = Main.storyboard;
			sourceTree = "<group>";
		};
/* End PBXVariantGroup section */

/* Begin XCBuildConfiguration section */
		1176748D1A335A6D006A0EA4 /* Debug */ = {
			isa = XCBuildConfiguration;
			buildSettings = {
				ALWAYS_SEARCH_USER_PATHS = NO;
				CLANG_CXX_LANGUAGE_STANDARD = "gnu++0x";
				CLANG_CXX_LIBRARY = "libc++";
				CLANG_ENABLE_MODULES = YES;
				CLANG_ENABLE_OBJC_ARC = YES;
				CLANG_WARN_BOOL_CONVERSION = YES;
				CLANG_WARN_CONSTANT_CONVERSION = YES;
				CLANG_WARN_DIRECT_OBJC_ISA_USAGE = YES_ERROR;
				CLANG_WARN_EMPTY_BODY = YES;
				CLANG_WARN_ENUM_CONVERSION = YES;
				CLANG_WARN_INT_CONVERSION = YES;
				CLANG_WARN_OBJC_ROOT_CLASS = YES_ERROR;
				CLANG_WARN_UNREACHABLE_CODE = YES;
				CLANG_WARN__DUPLICATE_METHOD_MATCH = YES;
				"CODE_SIGN_IDENTITY[sdk=iphoneos*]" = "iPhone Developer";
				COPY_PHASE_STRIP = NO;
				ENABLE_STRICT_OBJC_MSGSEND = YES;
				GCC_C_LANGUAGE_STANDARD = gnu99;
				GCC_DYNAMIC_NO_PIC = NO;
				GCC_OPTIMIZATION_LEVEL = 0;
				GCC_PREPROCESSOR_DEFINITIONS = (
					"DEBUG=1",
					"$(inherited)",
				);
				GCC_SYMBOLS_PRIVATE_EXTERN = NO;
				GCC_WARN_64_TO_32_BIT_CONVERSION = YES;
				GCC_WARN_ABOUT_RETURN_TYPE = YES_ERROR;
				GCC_WARN_UNDECLARED_SELECTOR = YES;
				GCC_WARN_UNINITIALIZED_AUTOS = YES_AGGRESSIVE;
				GCC_WARN_UNUSED_FUNCTION = YES;
				GCC_WARN_UNUSED_VARIABLE = YES;
				IPHONEOS_DEPLOYMENT_TARGET = 8.1;
				MTL_ENABLE_DEBUG_INFO = YES;
				ONLY_ACTIVE_ARCH = YES;
				SDKROOT = iphoneos;
				SWIFT_OPTIMIZATION_LEVEL = "-Onone";
			};
			name = Debug;
		};
		1176748E1A335A6D006A0EA4 /* Release */ = {
			isa = XCBuildConfiguration;
			buildSettings = {
				ALWAYS_SEARCH_USER_PATHS = NO;
				CLANG_CXX_LANGUAGE_STANDARD = "gnu++0x";
				CLANG_CXX_LIBRARY = "libc++";
				CLANG_ENABLE_MODULES = YES;
				CLANG_ENABLE_OBJC_ARC = YES;
				CLANG_WARN_BOOL_CONVERSION = YES;
				CLANG_WARN_CONSTANT_CONVERSION = YES;
				CLANG_WARN_DIRECT_OBJC_ISA_USAGE = YES_ERROR;
				CLANG_WARN_EMPTY_BODY = YES;
				CLANG_WARN_ENUM_CONVERSION = YES;
				CLANG_WARN_INT_CONVERSION = YES;
				CLANG_WARN_OBJC_ROOT_CLASS = YES_ERROR;
				CLANG_WARN_UNREACHABLE_CODE = YES;
				CLANG_WARN__DUPLICATE_METHOD_MATCH = YES;
				"CODE_SIGN_IDENTITY[sdk=iphoneos*]" = "iPhone Developer";
				COPY_PHASE_STRIP = YES;
				ENABLE_NS_ASSERTIONS = NO;
				ENABLE_STRICT_OBJC_MSGSEND = YES;
				GCC_C_LANGUAGE_STANDARD = gnu99;
				GCC_WARN_64_TO_32_BIT_CONVERSION = YES;
				GCC_WARN_ABOUT_RETURN_TYPE = YES_ERROR;
				GCC_WARN_UNDECLARED_SELECTOR = YES;
				GCC_WARN_UNINITIALIZED_AUTOS = YES_AGGRESSIVE;
				GCC_WARN_UNUSED_FUNCTION = YES;
				GCC_WARN_UNUSED_VARIABLE = YES;
				IPHONEOS_DEPLOYMENT_TARGET = 8.1;
				MTL_ENABLE_DEBUG_INFO = NO;
				SDKROOT = iphoneos;
				VALIDATE_PRODUCT = YES;
			};
			name = Release;
		};
		117674901A335A6D006A0EA4 /* Debug */ = {
			isa = XCBuildConfiguration;
			buildSettings = {
				ASSETCATALOG_COMPILER_APPICON_NAME = AppIcon;
				ASSETCATALOG_COMPILER_LAUNCHIMAGE_NAME = LaunchImage;
				CODE_SIGN_IDENTITY = "iPhone Developer";
				"CODE_SIGN_IDENTITY[sdk=iphoneos*]" = "iPhone Developer";
				FRAMEWORK_SEARCH_PATHS = (
					"$(inherited)",
					"$(PROJECT_DIR)",
					/Users/admin/Desktop/App/BirdJump,
				);
				GCC_PREPROCESSOR_DEFINITIONS = "";
				INFOPLIST_FILE = Draughts/Info.plist;
				IPHONEOS_DEPLOYMENT_TARGET = 7.0;
				LD_RUNPATH_SEARCH_PATHS = "$(inherited) @executable_path/Frameworks";
				OTHER_LDFLAGS = "-ObjC";
				PRODUCT_NAME = "Checkers 2 Player";
				PROVISIONING_PROFILE = "";
				SWIFT_OBJC_BRIDGING_HEADER = "vuonhoa-Bridging-header.h";
				TARGETED_DEVICE_FAMILY = 1;
			};
			name = Debug;
		};
		117674911A335A6D006A0EA4 /* Release */ = {
			isa = XCBuildConfiguration;
			buildSettings = {
				ASSETCATALOG_COMPILER_APPICON_NAME = AppIcon;
				ASSETCATALOG_COMPILER_LAUNCHIMAGE_NAME = LaunchImage;
				CODE_SIGN_IDENTITY = "iPhone Developer";
				"CODE_SIGN_IDENTITY[sdk=iphoneos*]" = "iPhone Developer";
				FRAMEWORK_SEARCH_PATHS = (
					"$(inherited)",
					"$(PROJECT_DIR)",
					/Users/admin/Desktop/App/BirdJump,
				);
				GCC_PREPROCESSOR_DEFINITIONS = "";
				INFOPLIST_FILE = Draughts/Info.plist;
				IPHONEOS_DEPLOYMENT_TARGET = 7.0;
				LD_RUNPATH_SEARCH_PATHS = "$(inherited) @executable_path/Frameworks";
				OTHER_LDFLAGS = "-ObjC";
				PRODUCT_NAME = "Checkers 2 Player";
				PROVISIONING_PROFILE = "";
				SWIFT_OBJC_BRIDGING_HEADER = "vuonhoa-Bridging-header.h";
				TARGETED_DEVICE_FAMILY = 1;
			};
			name = Release;
		};
		117674931A335A6D006A0EA4 /* Debug */ = {
			isa = XCBuildConfiguration;
			buildSettings = {
				BUNDLE_LOADER = "$(TEST_HOST)";
				FRAMEWORK_SEARCH_PATHS = (
					"$(SDKROOT)/Developer/Library/Frameworks",
					"$(inherited)",
				);
				GCC_PREPROCESSOR_DEFINITIONS = (
					"DEBUG=1",
					"$(inherited)",
				);
				INFOPLIST_FILE = DraughtsTests/Info.plist;
				LD_RUNPATH_SEARCH_PATHS = "$(inherited) @executable_path/Frameworks @loader_path/Frameworks";
				PRODUCT_NAME = "Checkers 2 PlayerTests";
				TEST_HOST = "$(BUILT_PRODUCTS_DIR)/Checkers 2 Player.app/Checkers 2 Player";
			};
			name = Debug;
		};
		117674941A335A6D006A0EA4 /* Release */ = {
			isa = XCBuildConfiguration;
			buildSettings = {
				BUNDLE_LOADER = "$(TEST_HOST)";
				FRAMEWORK_SEARCH_PATHS = (
					"$(SDKROOT)/Developer/Library/Frameworks",
					"$(inherited)",
				);
				INFOPLIST_FILE = DraughtsTests/Info.plist;
				LD_RUNPATH_SEARCH_PATHS = "$(inherited) @executable_path/Frameworks @loader_path/Frameworks";
				PRODUCT_NAME = "Checkers 2 PlayerTests";
				TEST_HOST = "$(BUILT_PRODUCTS_DIR)/Checkers 2 Player.app/Checkers 2 Player";
			};
			name = Release;
		};
/* End XCBuildConfiguration section */

/* Begin XCConfigurationList section */
		117674671A335A6D006A0EA4 /* Build configuration list for PBXProject "Checkers 2 Player" */ = {
			isa = XCConfigurationList;
			buildConfigurations = (
				1176748D1A335A6D006A0EA4 /* Debug */,
				1176748E1A335A6D006A0EA4 /* Release */,
			);
			defaultConfigurationIsVisible = 0;
			defaultConfigurationName = Release;
		};
		1176748F1A335A6D006A0EA4 /* Build configuration list for PBXNativeTarget "Checkers 2 Player" */ = {
			isa = XCConfigurationList;
			buildConfigurations = (
				117674901A335A6D006A0EA4 /* Debug */,
				117674911A335A6D006A0EA4 /* Release */,
			);
			defaultConfigurationIsVisible = 0;
			defaultConfigurationName = Release;
		};
		117674921A335A6D006A0EA4 /* Build configuration list for PBXNativeTarget "Checkers 2 PlayerTests" */ = {
			isa = XCConfigurationList;
			buildConfigurations = (
				117674931A335A6D006A0EA4 /* Debug */,
				117674941A335A6D006A0EA4 /* Release */,
			);
			defaultConfigurationIsVisible = 0;
			defaultConfigurationName = Release;
		};
/* End XCConfigurationList section */
	};
	rootObject = 117674641A335A6D006A0EA4 /* Project object */;
}
